// !$*UTF8*$!
{
	archiveVersion = 1;
	classes = {
	};
	objectVersion = 55;
	objects = {

/* Begin PBXBuildFile section */
		AC1761BF2923831F006E6700 /* SelectedServerBootcamp.swift in Sources */ = {isa = PBXBuildFile; fileRef = AC1761BE2923831F006E6700 /* SelectedServerBootcamp.swift */; };
		AC1761C8292385AB006E6700 /* NotificationToken.swift in Sources */ = {isa = PBXBuildFile; fileRef = AC1761C1292385AB006E6700 /* NotificationToken.swift */; };
		AC1761C9292385AB006E6700 /* UserDefaults.swift in Sources */ = {isa = PBXBuildFile; fileRef = AC1761C2292385AB006E6700 /* UserDefaults.swift */; };
		AC1761CA292385AB006E6700 /* Constants.swift in Sources */ = {isa = PBXBuildFile; fileRef = AC1761C3292385AB006E6700 /* Constants.swift */; };
		AC1761CB292385AB006E6700 /* Ext+View.swift in Sources */ = {isa = PBXBuildFile; fileRef = AC1761C4292385AB006E6700 /* Ext+View.swift */; };
		AC1761CC292385AB006E6700 /* Fonts in Resources */ = {isa = PBXBuildFile; fileRef = AC1761C5292385AB006E6700 /* Fonts */; };
		AC1761CE292385AB006E6700 /* Ext+Image.swift in Sources */ = {isa = PBXBuildFile; fileRef = AC1761C7292385AB006E6700 /* Ext+Image.swift */; };
		AC1761D129238651006E6700 /* RoundedCorner.swift in Sources */ = {isa = PBXBuildFile; fileRef = AC1761D029238651006E6700 /* RoundedCorner.swift */; };
		AC3A6FFC290A61030094C0F0 /* RotationGestureBootcamp.swift in Sources */ = {isa = PBXBuildFile; fileRef = AC3A6FFB290A61020094C0F0 /* RotationGestureBootcamp.swift */; };
		AC3A6FFE290A64A90094C0F0 /* DragGestureBootcamp.swift in Sources */ = {isa = PBXBuildFile; fileRef = AC3A6FFD290A64A90094C0F0 /* DragGestureBootcamp.swift */; };
		AC3DD8C629389B3900E4927B /* LoginView.swift in Sources */ = {isa = PBXBuildFile; fileRef = AC3DD8C529389B3900E4927B /* LoginView.swift */; };
		AC3DD8C929389BC700E4927B /* CustomTextFieldView.swift in Sources */ = {isa = PBXBuildFile; fileRef = AC3DD8C829389BC700E4927B /* CustomTextFieldView.swift */; };
		AC40F1382909396100BC29DF /* SwiftUI_Bootcamp_LBTAApp.swift in Sources */ = {isa = PBXBuildFile; fileRef = AC40F1372909396100BC29DF /* SwiftUI_Bootcamp_LBTAApp.swift */; };
		AC40F13C2909396200BC29DF /* Assets.xcassets in Resources */ = {isa = PBXBuildFile; fileRef = AC40F13B2909396200BC29DF /* Assets.xcassets */; };
		AC40F13F2909396200BC29DF /* Preview Assets.xcassets in Resources */ = {isa = PBXBuildFile; fileRef = AC40F13E2909396200BC29DF /* Preview Assets.xcassets */; };
		AC40F14629093BD000BC29DF /* LongPressGustureBootcamp.swift in Sources */ = {isa = PBXBuildFile; fileRef = AC40F14529093BD000BC29DF /* LongPressGustureBootcamp.swift */; };
		AC40F1482909561D00BC29DF /* MagnificationGestureBootcamp.swift in Sources */ = {isa = PBXBuildFile; fileRef = AC40F1472909561D00BC29DF /* MagnificationGestureBootcamp.swift */; };
		AC48BDFE293A22B5009A2C75 /* CoreDataBootcamp.swift in Sources */ = {isa = PBXBuildFile; fileRef = AC48BDFD293A22B5009A2C75 /* CoreDataBootcamp.swift */; };
		AC48BE01293A2451009A2C75 /* FruitsContainer.xcdatamodeld in Sources */ = {isa = PBXBuildFile; fileRef = AC48BDFF293A2451009A2C75 /* FruitsContainer.xcdatamodeld */; };
		AC48BE03293A3547009A2C75 /* BackgroundTraeadBootcamp.swift in Sources */ = {isa = PBXBuildFile; fileRef = AC48BE02293A3547009A2C75 /* BackgroundTraeadBootcamp.swift */; };
		AC4991C929474D430070BC82 /* CodableBootcamp.swift in Sources */ = {isa = PBXBuildFile; fileRef = AC4991C829474D430070BC82 /* CodableBootcamp.swift */; };
		AC4991CB29475F080070BC82 /* DownloadJSONWithCombine.swift in Sources */ = {isa = PBXBuildFile; fileRef = AC4991CA29475F080070BC82 /* DownloadJSONWithCombine.swift */; };
		AC549D3E290BA99500B34EB7 /* MultipleSheetsBootcamp.swift in Sources */ = {isa = PBXBuildFile; fileRef = AC549D3D290BA99500B34EB7 /* MultipleSheetsBootcamp.swift */; };
		AC549D40290BCE1C00B34EB7 /* MaskBootcamp.swift in Sources */ = {isa = PBXBuildFile; fileRef = AC549D3F290BCE1C00B34EB7 /* MaskBootcamp.swift */; };
		AC549D42290BE01A00B34EB7 /* SoundBootcamp.swift in Sources */ = {isa = PBXBuildFile; fileRef = AC549D41290BE01A00B34EB7 /* SoundBootcamp.swift */; };
		AC549D44290BE0E400B34EB7 /* com.apple.audio.DeviceSettings.plist~orig in Resources */ = {isa = PBXBuildFile; fileRef = AC549D43290BE0E400B34EB7 /* com.apple.audio.DeviceSettings.plist~orig */; };
		AC549D47290BE3D300B34EB7 /* Duck-quack.mp3 in Resources */ = {isa = PBXBuildFile; fileRef = AC549D46290BE3D300B34EB7 /* Duck-quack.mp3 */; };
		AC549D49290BE3DA00B34EB7 /* Birds-chirping-sound-effect.mp3 in Resources */ = {isa = PBXBuildFile; fileRef = AC549D48290BE3DA00B34EB7 /* Birds-chirping-sound-effect.mp3 */; };
		AC588B5429227591003BF46E /* ArraysBootcamp.swift in Sources */ = {isa = PBXBuildFile; fileRef = AC588B5329227591003BF46E /* ArraysBootcamp.swift */; };
		AC5D7D7C291D429F009C02F6 /* HashableBootcamp.swift in Sources */ = {isa = PBXBuildFile; fileRef = AC5D7D7B291D429F009C02F6 /* HashableBootcamp.swift */; };
		AC5F4CC8290A858000A84A2E /* DragGestureBootcamp2.swift in Sources */ = {isa = PBXBuildFile; fileRef = AC5F4CC7290A858000A84A2E /* DragGestureBootcamp2.swift */; };
		AC5F4CCA290A9D6700A84A2E /* ScrollViewReaderBootcamp.swift in Sources */ = {isa = PBXBuildFile; fileRef = AC5F4CC9290A9D6700A84A2E /* ScrollViewReaderBootcamp.swift */; };
		AC5F4CCC290AC7AC00A84A2E /* GeometryReaderBootcamp.swift in Sources */ = {isa = PBXBuildFile; fileRef = AC5F4CCB290AC7AC00A84A2E /* GeometryReaderBootcamp.swift */; };
		ACE02D1929154C0E002840CF /* HapticsBootcamp.swift in Sources */ = {isa = PBXBuildFile; fileRef = ACE02D1829154C0E002840CF /* HapticsBootcamp.swift */; };
		ACE02D1B29154F37002840CF /* LocalPushNotificationsBootcamp.swift in Sources */ = {isa = PBXBuildFile; fileRef = ACE02D1A29154F37002840CF /* LocalPushNotificationsBootcamp.swift */; };
		CA1D3B762AEA485F00B3E442 /* GlobalActorsBootcamp.swift in Sources */ = {isa = PBXBuildFile; fileRef = CA1D3B752AEA485F00B3E442 /* GlobalActorsBootcamp.swift */; };
		CA1D3B782AEA7D1700B3E442 /* DragAndDropGestureBootcamp.swift in Sources */ = {isa = PBXBuildFile; fileRef = CA1D3B772AEA7D1700B3E442 /* DragAndDropGestureBootcamp.swift */; };
		CA1D3B7B2AEA8D5400B3E442 /* Algorithms in Frameworks */ = {isa = PBXBuildFile; productRef = CA1D3B7A2AEA8D5400B3E442 /* Algorithms */; };
		CA40CEF62ADD638500706735 /* DownloadWithEscapingBootcamp.swift in Sources */ = {isa = PBXBuildFile; fileRef = CA40CEF52ADD638500706735 /* DownloadWithEscapingBootcamp.swift */; };
		CA4342252ADEC25600E5A4D0 /* TimerBootcamp.swift in Sources */ = {isa = PBXBuildFile; fileRef = CA4342242ADEC25600E5A4D0 /* TimerBootcamp.swift */; };
		CA47105E2AE91A3100919BB3 /* TaskBootcamp.swift in Sources */ = {isa = PBXBuildFile; fileRef = CA47105D2AE91A3100919BB3 /* TaskBootcamp.swift */; };
		CA493F9B2AE10674007C1CB1 /* CatchImageBootcamp.swift in Sources */ = {isa = PBXBuildFile; fileRef = CA493F9A2AE10674007C1CB1 /* CatchImageBootcamp.swift */; };
		CA493FA22AE1183E007C1CB1 /* DownloadingImagesBootcamp.swift in Sources */ = {isa = PBXBuildFile; fileRef = CA493FA12AE1183E007C1CB1 /* DownloadingImagesBootcamp.swift */; };
		CA493FA42AE11889007C1CB1 /* DownloadingImagesViewModel.swift in Sources */ = {isa = PBXBuildFile; fileRef = CA493FA32AE11889007C1CB1 /* DownloadingImagesViewModel.swift */; };
		CA493FA62AE1193B007C1CB1 /* ImageResponse.swift in Sources */ = {isa = PBXBuildFile; fileRef = CA493FA52AE1193B007C1CB1 /* ImageResponse.swift */; };
		CA493FA82AE11C58007C1CB1 /* DownloadingImagesNetworkManager.swift in Sources */ = {isa = PBXBuildFile; fileRef = CA493FA72AE11C58007C1CB1 /* DownloadingImagesNetworkManager.swift */; };
		CA493FAA2AE14457007C1CB1 /* DownloadingImageRow.swift in Sources */ = {isa = PBXBuildFile; fileRef = CA493FA92AE14457007C1CB1 /* DownloadingImageRow.swift */; };
		CA493FAC2AE14958007C1CB1 /* DownloadingImageView.swift in Sources */ = {isa = PBXBuildFile; fileRef = CA493FAB2AE14958007C1CB1 /* DownloadingImageView.swift */; };
		CA493FAE2AE149CD007C1CB1 /* ImageLoadingViewModel.swift in Sources */ = {isa = PBXBuildFile; fileRef = CA493FAD2AE149CD007C1CB1 /* ImageLoadingViewModel.swift */; };
		CA493FB02AE1500E007C1CB1 /* CacheDownloadingImage.swift in Sources */ = {isa = PBXBuildFile; fileRef = CA493FAF2AE1500E007C1CB1 /* CacheDownloadingImage.swift */; };
		CA5709892AF3D69100897798 /* GenericBootcamp.swift in Sources */ = {isa = PBXBuildFile; fileRef = CA5709882AF3D69100897798 /* GenericBootcamp.swift */; };
		CA57D2E02AF90E95009DA7D3 /* CustomTabBarView.swift in Sources */ = {isa = PBXBuildFile; fileRef = CA57D2DF2AF90E95009DA7D3 /* CustomTabBarView.swift */; };
		CA57D2E22AF9351B009DA7D3 /* CustomNavigationBarView.swift in Sources */ = {isa = PBXBuildFile; fileRef = CA57D2E12AF9351B009DA7D3 /* CustomNavigationBarView.swift */; };
		CA5B039C2AFB860D00E67E62 /* DependencyInjectionBootcamp.swift in Sources */ = {isa = PBXBuildFile; fileRef = CA5B039B2AFB860D00E67E62 /* DependencyInjectionBootcamp.swift */; };
		CA64C4312AE92D4B00A36F27 /* TaskGroupBootcamp.swift in Sources */ = {isa = PBXBuildFile; fileRef = CA64C4302AE92D4B00A36F27 /* TaskGroupBootcamp.swift */; };
		CA68A9A62AF38B46009A52F9 /* CustomShapeBootcamp.swift in Sources */ = {isa = PBXBuildFile; fileRef = CA68A9A52AF38B46009A52F9 /* CustomShapeBootcamp.swift */; };
		CA68A9A82AF39E91009A52F9 /* CustomCurvesBootcamp.swift in Sources */ = {isa = PBXBuildFile; fileRef = CA68A9A72AF39E91009A52F9 /* CustomCurvesBootcamp.swift */; };
		CA69C7452ADFB81F0004FE95 /* SubscriberBootcamp.swift in Sources */ = {isa = PBXBuildFile; fileRef = CA69C7442ADFB81F0004FE95 /* SubscriberBootcamp.swift */; };
		CA72A84E2AF4D5B600E45517 /* ViewBuilderBootcamp.swift in Sources */ = {isa = PBXBuildFile; fileRef = CA72A84D2AF4D5B600E45517 /* ViewBuilderBootcamp.swift */; };
		CA72A8502AF4DBA700E45517 /* PreferenceKeyBootcamp.swift in Sources */ = {isa = PBXBuildFile; fileRef = CA72A84F2AF4DBA700E45517 /* PreferenceKeyBootcamp.swift */; };
		CA79460F2AF0EDB500822101 /* PhotoPickerBootcamp.swift in Sources */ = {isa = PBXBuildFile; fileRef = CA79460E2AF0EDB500822101 /* PhotoPickerBootcamp.swift */; };
		CA96D1C42AFA2E8600D18ADF /* UIViewRepresentableBootcamp.swift in Sources */ = {isa = PBXBuildFile; fileRef = CA96D1C32AFA2E8600D18ADF /* UIViewRepresentableBootcamp.swift */; };
		CA96D1C62AFA462A00D18ADF /* UIViewControllerRepresentableBootcamp.swift in Sources */ = {isa = PBXBuildFile; fileRef = CA96D1C52AFA462A00D18ADF /* UIViewControllerRepresentableBootcamp.swift */; };
		CA96D1C82AFA59E000D18ADF /* ProtocolBootcamp.swift in Sources */ = {isa = PBXBuildFile; fileRef = CA96D1C72AFA59E000D18ADF /* ProtocolBootcamp.swift */; };
		CA985D0B2AE7E46300CFC206 /* DoCatchTryBootcamp.swift in Sources */ = {isa = PBXBuildFile; fileRef = CA985D0A2AE7E46300CFC206 /* DoCatchTryBootcamp.swift */; };
		CA985D0D2AE803C100CFC206 /* DownloadImageUseAsyncAwaitBootcamp.swift in Sources */ = {isa = PBXBuildFile; fileRef = CA985D0C2AE803C100CFC206 /* DownloadImageUseAsyncAwaitBootcamp.swift */; };
		CA9D251D2ADFEBDD0067AE5E /* FileManagerBootcamp.swift in Sources */ = {isa = PBXBuildFile; fileRef = CA9D251C2ADFEBDD0067AE5E /* FileManagerBootcamp.swift */; };
		CABF85A42AF245680035D04C /* ViewModifierBootcamp.swift in Sources */ = {isa = PBXBuildFile; fileRef = CABF85A32AF245680035D04C /* ViewModifierBootcamp.swift */; };
		CABF85A62AF249640035D04C /* ButtonStyleBootcamp.swift in Sources */ = {isa = PBXBuildFile; fileRef = CABF85A52AF249640035D04C /* ButtonStyleBootcamp.swift */; };
		CABF85A82AF24F530035D04C /* AnyTransitionBootcamp.swift in Sources */ = {isa = PBXBuildFile; fileRef = CABF85A72AF24F530035D04C /* AnyTransitionBootcamp.swift */; };
		CABF85AA2AF269020035D04C /* MatchedGeometryEffectBootcamp.swift in Sources */ = {isa = PBXBuildFile; fileRef = CABF85A92AF269020035D04C /* MatchedGeometryEffectBootcamp.swift */; };
		CACCFE092AEFA3F300BE123E /* RefreshableBootcamp.swift in Sources */ = {isa = PBXBuildFile; fileRef = CACCFE082AEFA3F200BE123E /* RefreshableBootcamp.swift */; };
		CACCFE0B2AEFC90A00BE123E /* SearchableBootcamp.swift in Sources */ = {isa = PBXBuildFile; fileRef = CACCFE0A2AEFC90A00BE123E /* SearchableBootcamp.swift */; };
/* End PBXBuildFile section */

/* Begin PBXFileReference section */
		AC1761BE2923831F006E6700 /* SelectedServerBootcamp.swift */ = {isa = PBXFileReference; lastKnownFileType = sourcecode.swift; path = SelectedServerBootcamp.swift; sourceTree = "<group>"; };
		AC1761C1292385AB006E6700 /* NotificationToken.swift */ = {isa = PBXFileReference; fileEncoding = 4; lastKnownFileType = sourcecode.swift; path = NotificationToken.swift; sourceTree = "<group>"; };
		AC1761C2292385AB006E6700 /* UserDefaults.swift */ = {isa = PBXFileReference; fileEncoding = 4; lastKnownFileType = sourcecode.swift; path = UserDefaults.swift; sourceTree = "<group>"; };
		AC1761C3292385AB006E6700 /* Constants.swift */ = {isa = PBXFileReference; fileEncoding = 4; lastKnownFileType = sourcecode.swift; path = Constants.swift; sourceTree = "<group>"; };
		AC1761C4292385AB006E6700 /* Ext+View.swift */ = {isa = PBXFileReference; fileEncoding = 4; lastKnownFileType = sourcecode.swift; path = "Ext+View.swift"; sourceTree = "<group>"; };
		AC1761C5292385AB006E6700 /* Fonts */ = {isa = PBXFileReference; lastKnownFileType = folder; path = Fonts; sourceTree = "<group>"; };
		AC1761C7292385AB006E6700 /* Ext+Image.swift */ = {isa = PBXFileReference; fileEncoding = 4; lastKnownFileType = sourcecode.swift; path = "Ext+Image.swift"; sourceTree = "<group>"; };
		AC1761CF292385F5006E6700 /* SwiftUI-Bootcamp-LBTA-Info.plist */ = {isa = PBXFileReference; lastKnownFileType = text.plist; path = "SwiftUI-Bootcamp-LBTA-Info.plist"; sourceTree = SOURCE_ROOT; };
		AC1761D029238651006E6700 /* RoundedCorner.swift */ = {isa = PBXFileReference; fileEncoding = 4; lastKnownFileType = sourcecode.swift; path = RoundedCorner.swift; sourceTree = "<group>"; };
		AC3A6FFB290A61020094C0F0 /* RotationGestureBootcamp.swift */ = {isa = PBXFileReference; lastKnownFileType = sourcecode.swift; path = RotationGestureBootcamp.swift; sourceTree = "<group>"; };
		AC3A6FFD290A64A90094C0F0 /* DragGestureBootcamp.swift */ = {isa = PBXFileReference; lastKnownFileType = sourcecode.swift; path = DragGestureBootcamp.swift; sourceTree = "<group>"; };
		AC3DD8C529389B3900E4927B /* LoginView.swift */ = {isa = PBXFileReference; lastKnownFileType = sourcecode.swift; path = LoginView.swift; sourceTree = "<group>"; };
		AC3DD8C829389BC700E4927B /* CustomTextFieldView.swift */ = {isa = PBXFileReference; fileEncoding = 4; lastKnownFileType = sourcecode.swift; path = CustomTextFieldView.swift; sourceTree = "<group>"; };
		AC40F1342909396100BC29DF /* SwiftUI_Bootcamp_LBTA.app */ = {isa = PBXFileReference; explicitFileType = wrapper.application; includeInIndex = 0; path = SwiftUI_Bootcamp_LBTA.app; sourceTree = BUILT_PRODUCTS_DIR; };
		AC40F1372909396100BC29DF /* SwiftUI_Bootcamp_LBTAApp.swift */ = {isa = PBXFileReference; lastKnownFileType = sourcecode.swift; path = SwiftUI_Bootcamp_LBTAApp.swift; sourceTree = "<group>"; };
		AC40F13B2909396200BC29DF /* Assets.xcassets */ = {isa = PBXFileReference; lastKnownFileType = folder.assetcatalog; path = Assets.xcassets; sourceTree = "<group>"; };
		AC40F13E2909396200BC29DF /* Preview Assets.xcassets */ = {isa = PBXFileReference; lastKnownFileType = folder.assetcatalog; path = "Preview Assets.xcassets"; sourceTree = "<group>"; };
		AC40F14529093BD000BC29DF /* LongPressGustureBootcamp.swift */ = {isa = PBXFileReference; lastKnownFileType = sourcecode.swift; path = LongPressGustureBootcamp.swift; sourceTree = "<group>"; };
		AC40F1472909561D00BC29DF /* MagnificationGestureBootcamp.swift */ = {isa = PBXFileReference; lastKnownFileType = sourcecode.swift; path = MagnificationGestureBootcamp.swift; sourceTree = "<group>"; };
		AC48BDFD293A22B5009A2C75 /* CoreDataBootcamp.swift */ = {isa = PBXFileReference; lastKnownFileType = sourcecode.swift; path = CoreDataBootcamp.swift; sourceTree = "<group>"; };
		AC48BE00293A2451009A2C75 /* FruitsContainer.xcdatamodel */ = {isa = PBXFileReference; lastKnownFileType = wrapper.xcdatamodel; path = FruitsContainer.xcdatamodel; sourceTree = "<group>"; };
		AC48BE02293A3547009A2C75 /* BackgroundTraeadBootcamp.swift */ = {isa = PBXFileReference; lastKnownFileType = sourcecode.swift; path = BackgroundTraeadBootcamp.swift; sourceTree = "<group>"; };
		AC4991C829474D430070BC82 /* CodableBootcamp.swift */ = {isa = PBXFileReference; lastKnownFileType = sourcecode.swift; path = CodableBootcamp.swift; sourceTree = "<group>"; };
		AC4991CA29475F080070BC82 /* DownloadJSONWithCombine.swift */ = {isa = PBXFileReference; lastKnownFileType = sourcecode.swift; path = DownloadJSONWithCombine.swift; sourceTree = "<group>"; };
		AC549D3D290BA99500B34EB7 /* MultipleSheetsBootcamp.swift */ = {isa = PBXFileReference; lastKnownFileType = sourcecode.swift; path = MultipleSheetsBootcamp.swift; sourceTree = "<group>"; };
		AC549D3F290BCE1C00B34EB7 /* MaskBootcamp.swift */ = {isa = PBXFileReference; lastKnownFileType = sourcecode.swift; path = MaskBootcamp.swift; sourceTree = "<group>"; };
		AC549D41290BE01A00B34EB7 /* SoundBootcamp.swift */ = {isa = PBXFileReference; lastKnownFileType = sourcecode.swift; path = SoundBootcamp.swift; sourceTree = "<group>"; };
		AC549D43290BE0E400B34EB7 /* com.apple.audio.DeviceSettings.plist~orig */ = {isa = PBXFileReference; fileEncoding = 4; lastKnownFileType = text.xml; path = "com.apple.audio.DeviceSettings.plist~orig"; sourceTree = "<group>"; };
		AC549D46290BE3D300B34EB7 /* Duck-quack.mp3 */ = {isa = PBXFileReference; lastKnownFileType = audio.mp3; path = "Duck-quack.mp3"; sourceTree = "<group>"; };
		AC549D48290BE3DA00B34EB7 /* Birds-chirping-sound-effect.mp3 */ = {isa = PBXFileReference; lastKnownFileType = audio.mp3; path = "Birds-chirping-sound-effect.mp3"; sourceTree = "<group>"; };
		AC588B5329227591003BF46E /* ArraysBootcamp.swift */ = {isa = PBXFileReference; lastKnownFileType = sourcecode.swift; path = ArraysBootcamp.swift; sourceTree = "<group>"; };
		AC5D7D7B291D429F009C02F6 /* HashableBootcamp.swift */ = {isa = PBXFileReference; lastKnownFileType = sourcecode.swift; path = HashableBootcamp.swift; sourceTree = "<group>"; };
		AC5F4CC7290A858000A84A2E /* DragGestureBootcamp2.swift */ = {isa = PBXFileReference; lastKnownFileType = sourcecode.swift; path = DragGestureBootcamp2.swift; sourceTree = "<group>"; };
		AC5F4CC9290A9D6700A84A2E /* ScrollViewReaderBootcamp.swift */ = {isa = PBXFileReference; lastKnownFileType = sourcecode.swift; path = ScrollViewReaderBootcamp.swift; sourceTree = "<group>"; };
		AC5F4CCB290AC7AC00A84A2E /* GeometryReaderBootcamp.swift */ = {isa = PBXFileReference; lastKnownFileType = sourcecode.swift; path = GeometryReaderBootcamp.swift; sourceTree = "<group>"; };
		ACE02D1829154C0E002840CF /* HapticsBootcamp.swift */ = {isa = PBXFileReference; lastKnownFileType = sourcecode.swift; path = HapticsBootcamp.swift; sourceTree = "<group>"; };
		ACE02D1A29154F37002840CF /* LocalPushNotificationsBootcamp.swift */ = {isa = PBXFileReference; lastKnownFileType = sourcecode.swift; path = LocalPushNotificationsBootcamp.swift; sourceTree = "<group>"; };
		CA1D3B752AEA485F00B3E442 /* GlobalActorsBootcamp.swift */ = {isa = PBXFileReference; lastKnownFileType = sourcecode.swift; path = GlobalActorsBootcamp.swift; sourceTree = "<group>"; };
		CA1D3B772AEA7D1700B3E442 /* DragAndDropGestureBootcamp.swift */ = {isa = PBXFileReference; lastKnownFileType = sourcecode.swift; path = DragAndDropGestureBootcamp.swift; sourceTree = "<group>"; };
		CA40CEF52ADD638500706735 /* DownloadWithEscapingBootcamp.swift */ = {isa = PBXFileReference; lastKnownFileType = sourcecode.swift; path = DownloadWithEscapingBootcamp.swift; sourceTree = "<group>"; };
		CA4342242ADEC25600E5A4D0 /* TimerBootcamp.swift */ = {isa = PBXFileReference; lastKnownFileType = sourcecode.swift; path = TimerBootcamp.swift; sourceTree = "<group>"; };
		CA47105D2AE91A3100919BB3 /* TaskBootcamp.swift */ = {isa = PBXFileReference; lastKnownFileType = sourcecode.swift; path = TaskBootcamp.swift; sourceTree = "<group>"; };
		CA493F9A2AE10674007C1CB1 /* CatchImageBootcamp.swift */ = {isa = PBXFileReference; lastKnownFileType = sourcecode.swift; path = CatchImageBootcamp.swift; sourceTree = "<group>"; };
		CA493FA12AE1183E007C1CB1 /* DownloadingImagesBootcamp.swift */ = {isa = PBXFileReference; lastKnownFileType = sourcecode.swift; path = DownloadingImagesBootcamp.swift; sourceTree = "<group>"; };
		CA493FA32AE11889007C1CB1 /* DownloadingImagesViewModel.swift */ = {isa = PBXFileReference; lastKnownFileType = sourcecode.swift; path = DownloadingImagesViewModel.swift; sourceTree = "<group>"; };
		CA493FA52AE1193B007C1CB1 /* ImageResponse.swift */ = {isa = PBXFileReference; lastKnownFileType = sourcecode.swift; path = ImageResponse.swift; sourceTree = "<group>"; };
		CA493FA72AE11C58007C1CB1 /* DownloadingImagesNetworkManager.swift */ = {isa = PBXFileReference; lastKnownFileType = sourcecode.swift; path = DownloadingImagesNetworkManager.swift; sourceTree = "<group>"; };
		CA493FA92AE14457007C1CB1 /* DownloadingImageRow.swift */ = {isa = PBXFileReference; lastKnownFileType = sourcecode.swift; path = DownloadingImageRow.swift; sourceTree = "<group>"; };
		CA493FAB2AE14958007C1CB1 /* DownloadingImageView.swift */ = {isa = PBXFileReference; lastKnownFileType = sourcecode.swift; path = DownloadingImageView.swift; sourceTree = "<group>"; };
		CA493FAD2AE149CD007C1CB1 /* ImageLoadingViewModel.swift */ = {isa = PBXFileReference; lastKnownFileType = sourcecode.swift; path = ImageLoadingViewModel.swift; sourceTree = "<group>"; };
		CA493FAF2AE1500E007C1CB1 /* CacheDownloadingImage.swift */ = {isa = PBXFileReference; lastKnownFileType = sourcecode.swift; path = CacheDownloadingImage.swift; sourceTree = "<group>"; };
		CA5709882AF3D69100897798 /* GenericBootcamp.swift */ = {isa = PBXFileReference; lastKnownFileType = sourcecode.swift; path = GenericBootcamp.swift; sourceTree = "<group>"; };
		CA57D2DF2AF90E95009DA7D3 /* CustomTabBarView.swift */ = {isa = PBXFileReference; lastKnownFileType = sourcecode.swift; path = CustomTabBarView.swift; sourceTree = "<group>"; };
		CA57D2E12AF9351B009DA7D3 /* CustomNavigationBarView.swift */ = {isa = PBXFileReference; lastKnownFileType = sourcecode.swift; path = CustomNavigationBarView.swift; sourceTree = "<group>"; };
		CA5B039B2AFB860D00E67E62 /* DependencyInjectionBootcamp.swift */ = {isa = PBXFileReference; lastKnownFileType = sourcecode.swift; path = DependencyInjectionBootcamp.swift; sourceTree = "<group>"; };
		CA64C4302AE92D4B00A36F27 /* TaskGroupBootcamp.swift */ = {isa = PBXFileReference; lastKnownFileType = sourcecode.swift; path = TaskGroupBootcamp.swift; sourceTree = "<group>"; };
		CA68A9A52AF38B46009A52F9 /* CustomShapeBootcamp.swift */ = {isa = PBXFileReference; lastKnownFileType = sourcecode.swift; path = CustomShapeBootcamp.swift; sourceTree = "<group>"; };
		CA68A9A72AF39E91009A52F9 /* CustomCurvesBootcamp.swift */ = {isa = PBXFileReference; lastKnownFileType = sourcecode.swift; path = CustomCurvesBootcamp.swift; sourceTree = "<group>"; };
		CA69C7442ADFB81F0004FE95 /* SubscriberBootcamp.swift */ = {isa = PBXFileReference; lastKnownFileType = sourcecode.swift; path = SubscriberBootcamp.swift; sourceTree = "<group>"; };
		CA72A84D2AF4D5B600E45517 /* ViewBuilderBootcamp.swift */ = {isa = PBXFileReference; lastKnownFileType = sourcecode.swift; path = ViewBuilderBootcamp.swift; sourceTree = "<group>"; };
		CA72A84F2AF4DBA700E45517 /* PreferenceKeyBootcamp.swift */ = {isa = PBXFileReference; lastKnownFileType = sourcecode.swift; path = PreferenceKeyBootcamp.swift; sourceTree = "<group>"; };
		CA79460E2AF0EDB500822101 /* PhotoPickerBootcamp.swift */ = {isa = PBXFileReference; lastKnownFileType = sourcecode.swift; path = PhotoPickerBootcamp.swift; sourceTree = "<group>"; };
		CA96D1C32AFA2E8600D18ADF /* UIViewRepresentableBootcamp.swift */ = {isa = PBXFileReference; lastKnownFileType = sourcecode.swift; path = UIViewRepresentableBootcamp.swift; sourceTree = "<group>"; };
		CA96D1C52AFA462A00D18ADF /* UIViewControllerRepresentableBootcamp.swift */ = {isa = PBXFileReference; lastKnownFileType = sourcecode.swift; path = UIViewControllerRepresentableBootcamp.swift; sourceTree = "<group>"; };
		CA96D1C72AFA59E000D18ADF /* ProtocolBootcamp.swift */ = {isa = PBXFileReference; lastKnownFileType = sourcecode.swift; path = ProtocolBootcamp.swift; sourceTree = "<group>"; };
		CA985D0A2AE7E46300CFC206 /* DoCatchTryBootcamp.swift */ = {isa = PBXFileReference; lastKnownFileType = sourcecode.swift; path = DoCatchTryBootcamp.swift; sourceTree = "<group>"; };
		CA985D0C2AE803C100CFC206 /* DownloadImageUseAsyncAwaitBootcamp.swift */ = {isa = PBXFileReference; lastKnownFileType = sourcecode.swift; path = DownloadImageUseAsyncAwaitBootcamp.swift; sourceTree = "<group>"; };
		CA9D251C2ADFEBDD0067AE5E /* FileManagerBootcamp.swift */ = {isa = PBXFileReference; lastKnownFileType = sourcecode.swift; path = FileManagerBootcamp.swift; sourceTree = "<group>"; };
		CABF85A32AF245680035D04C /* ViewModifierBootcamp.swift */ = {isa = PBXFileReference; lastKnownFileType = sourcecode.swift; path = ViewModifierBootcamp.swift; sourceTree = "<group>"; };
		CABF85A52AF249640035D04C /* ButtonStyleBootcamp.swift */ = {isa = PBXFileReference; lastKnownFileType = sourcecode.swift; path = ButtonStyleBootcamp.swift; sourceTree = "<group>"; };
		CABF85A72AF24F530035D04C /* AnyTransitionBootcamp.swift */ = {isa = PBXFileReference; lastKnownFileType = sourcecode.swift; path = AnyTransitionBootcamp.swift; sourceTree = "<group>"; };
		CABF85A92AF269020035D04C /* MatchedGeometryEffectBootcamp.swift */ = {isa = PBXFileReference; lastKnownFileType = sourcecode.swift; path = MatchedGeometryEffectBootcamp.swift; sourceTree = "<group>"; };
		CACCFE082AEFA3F200BE123E /* RefreshableBootcamp.swift */ = {isa = PBXFileReference; lastKnownFileType = sourcecode.swift; path = RefreshableBootcamp.swift; sourceTree = "<group>"; };
		CACCFE0A2AEFC90A00BE123E /* SearchableBootcamp.swift */ = {isa = PBXFileReference; lastKnownFileType = sourcecode.swift; path = SearchableBootcamp.swift; sourceTree = "<group>"; };
/* End PBXFileReference section */

/* Begin PBXFrameworksBuildPhase section */
		AC40F1312909396100BC29DF /* Frameworks */ = {
			isa = PBXFrameworksBuildPhase;
			buildActionMask = 2147483647;
			files = (
				CA1D3B7B2AEA8D5400B3E442 /* Algorithms in Frameworks */,
			);
			runOnlyForDeploymentPostprocessing = 0;
		};
/* End PBXFrameworksBuildPhase section */

/* Begin PBXGroup section */
		AC1761C029238592006E6700 /* Extension */ = {
			isa = PBXGroup;
			children = (
				AC1761D029238651006E6700 /* RoundedCorner.swift */,
				AC1761C5292385AB006E6700 /* Fonts */,
				AC1761C3292385AB006E6700 /* Constants.swift */,
				AC1761C7292385AB006E6700 /* Ext+Image.swift */,
				AC1761C4292385AB006E6700 /* Ext+View.swift */,
				AC1761C1292385AB006E6700 /* NotificationToken.swift */,
				AC1761C2292385AB006E6700 /* UserDefaults.swift */,
			);
			path = Extension;
			sourceTree = "<group>";
		};
		AC3DD8C729389BB500E4927B /* Project */ = {
			isa = PBXGroup;
			children = (
				AC3DD8C829389BC700E4927B /* CustomTextFieldView.swift */,
				AC1761BE2923831F006E6700 /* SelectedServerBootcamp.swift */,
				AC3DD8C529389B3900E4927B /* LoginView.swift */,
			);
			path = Project;
			sourceTree = "<group>";
		};
		AC40F12B2909396100BC29DF = {
			isa = PBXGroup;
			children = (
				AC40F1362909396100BC29DF /* SwiftUI_Bootcamp_LBTA */,
				AC40F1352909396100BC29DF /* Products */,
			);
			sourceTree = "<group>";
		};
		AC40F1352909396100BC29DF /* Products */ = {
			isa = PBXGroup;
			children = (
				AC40F1342909396100BC29DF /* SwiftUI_Bootcamp_LBTA.app */,
			);
			name = Products;
			sourceTree = "<group>";
		};
		AC40F1362909396100BC29DF /* SwiftUI_Bootcamp_LBTA */ = {
			isa = PBXGroup;
			children = (
				AC1761CF292385F5006E6700 /* SwiftUI-Bootcamp-LBTA-Info.plist */,
				AC549D45290BE3C600B34EB7 /* Sounds */,
				AC1761C029238592006E6700 /* Extension */,
				AC3DD8C729389BB500E4927B /* Project */,
				CA493F9C2AE117F3007C1CB1 /* DownloadingImages */,
				AC40F1372909396100BC29DF /* SwiftUI_Bootcamp_LBTAApp.swift */,
				AC40F14529093BD000BC29DF /* LongPressGustureBootcamp.swift */,
				AC40F1472909561D00BC29DF /* MagnificationGestureBootcamp.swift */,
				AC3A6FFB290A61020094C0F0 /* RotationGestureBootcamp.swift */,
				AC3A6FFD290A64A90094C0F0 /* DragGestureBootcamp.swift */,
				AC5F4CC7290A858000A84A2E /* DragGestureBootcamp2.swift */,
				CA1D3B772AEA7D1700B3E442 /* DragAndDropGestureBootcamp.swift */,
				AC5F4CC9290A9D6700A84A2E /* ScrollViewReaderBootcamp.swift */,
				AC5F4CCB290AC7AC00A84A2E /* GeometryReaderBootcamp.swift */,
				AC549D3D290BA99500B34EB7 /* MultipleSheetsBootcamp.swift */,
				AC549D3F290BCE1C00B34EB7 /* MaskBootcamp.swift */,
				AC549D41290BE01A00B34EB7 /* SoundBootcamp.swift */,
				ACE02D1829154C0E002840CF /* HapticsBootcamp.swift */,
				ACE02D1A29154F37002840CF /* LocalPushNotificationsBootcamp.swift */,
				AC5D7D7B291D429F009C02F6 /* HashableBootcamp.swift */,
				AC588B5329227591003BF46E /* ArraysBootcamp.swift */,
				AC48BDFD293A22B5009A2C75 /* CoreDataBootcamp.swift */,
				AC48BE02293A3547009A2C75 /* BackgroundTraeadBootcamp.swift */,
				AC4991C829474D430070BC82 /* CodableBootcamp.swift */,
				AC4991CA29475F080070BC82 /* DownloadJSONWithCombine.swift */,
				CA40CEF52ADD638500706735 /* DownloadWithEscapingBootcamp.swift */,
				CA4342242ADEC25600E5A4D0 /* TimerBootcamp.swift */,
				CA69C7442ADFB81F0004FE95 /* SubscriberBootcamp.swift */,
				CA9D251C2ADFEBDD0067AE5E /* FileManagerBootcamp.swift */,
				CA493F9A2AE10674007C1CB1 /* CatchImageBootcamp.swift */,
				CA985D0A2AE7E46300CFC206 /* DoCatchTryBootcamp.swift */,
				CA985D0C2AE803C100CFC206 /* DownloadImageUseAsyncAwaitBootcamp.swift */,
				CA47105D2AE91A3100919BB3 /* TaskBootcamp.swift */,
				CA64C4302AE92D4B00A36F27 /* TaskGroupBootcamp.swift */,
				CA1D3B752AEA485F00B3E442 /* GlobalActorsBootcamp.swift */,
				CACCFE082AEFA3F200BE123E /* RefreshableBootcamp.swift */,
				CACCFE0A2AEFC90A00BE123E /* SearchableBootcamp.swift */,
				CA79460E2AF0EDB500822101 /* PhotoPickerBootcamp.swift */,
				CABF85A32AF245680035D04C /* ViewModifierBootcamp.swift */,
				CABF85A52AF249640035D04C /* ButtonStyleBootcamp.swift */,
				CABF85A72AF24F530035D04C /* AnyTransitionBootcamp.swift */,
				CABF85A92AF269020035D04C /* MatchedGeometryEffectBootcamp.swift */,
				CA68A9A52AF38B46009A52F9 /* CustomShapeBootcamp.swift */,
				CA68A9A72AF39E91009A52F9 /* CustomCurvesBootcamp.swift */,
				CA5709882AF3D69100897798 /* GenericBootcamp.swift */,
				CA72A84D2AF4D5B600E45517 /* ViewBuilderBootcamp.swift */,
				CA72A84F2AF4DBA700E45517 /* PreferenceKeyBootcamp.swift */,
				CA57D2DF2AF90E95009DA7D3 /* CustomTabBarView.swift */,
				CA57D2E12AF9351B009DA7D3 /* CustomNavigationBarView.swift */,
				CA96D1C32AFA2E8600D18ADF /* UIViewRepresentableBootcamp.swift */,
				CA96D1C52AFA462A00D18ADF /* UIViewControllerRepresentableBootcamp.swift */,
				CA96D1C72AFA59E000D18ADF /* ProtocolBootcamp.swift */,
				CA5B039B2AFB860D00E67E62 /* DependencyInjectionBootcamp.swift */,
				AC48BDFF293A2451009A2C75 /* FruitsContainer.xcdatamodeld */,
				AC40F13B2909396200BC29DF /* Assets.xcassets */,
				AC40F13D2909396200BC29DF /* Preview Content */,
			);
			path = SwiftUI_Bootcamp_LBTA;
			sourceTree = "<group>";
		};
		AC40F13D2909396200BC29DF /* Preview Content */ = {
			isa = PBXGroup;
			children = (
				AC40F13E2909396200BC29DF /* Preview Assets.xcassets */,
			);
			path = "Preview Content";
			sourceTree = "<group>";
		};
		AC549D45290BE3C600B34EB7 /* Sounds */ = {
			isa = PBXGroup;
			children = (
				AC549D43290BE0E400B34EB7 /* com.apple.audio.DeviceSettings.plist~orig */,
				AC549D48290BE3DA00B34EB7 /* Birds-chirping-sound-effect.mp3 */,
				AC549D46290BE3D300B34EB7 /* Duck-quack.mp3 */,
			);
			path = Sounds;
			sourceTree = "<group>";
		};
		CA493F9C2AE117F3007C1CB1 /* DownloadingImages */ = {
			isa = PBXGroup;
			children = (
				CA493FA02AE1181B007C1CB1 /* Utilities */,
				CA493F9F2AE11815007C1CB1 /* ViewModels */,
				CA493F9E2AE1180F007C1CB1 /* Models */,
				CA493F9D2AE11809007C1CB1 /* Views */,
			);
			path = DownloadingImages;
			sourceTree = "<group>";
		};
		CA493F9D2AE11809007C1CB1 /* Views */ = {
			isa = PBXGroup;
			children = (
				CA493FA12AE1183E007C1CB1 /* DownloadingImagesBootcamp.swift */,
				CA493FA92AE14457007C1CB1 /* DownloadingImageRow.swift */,
				CA493FAB2AE14958007C1CB1 /* DownloadingImageView.swift */,
			);
			path = Views;
			sourceTree = "<group>";
		};
		CA493F9E2AE1180F007C1CB1 /* Models */ = {
			isa = PBXGroup;
			children = (
				CA493FA52AE1193B007C1CB1 /* ImageResponse.swift */,
			);
			path = Models;
			sourceTree = "<group>";
		};
		CA493F9F2AE11815007C1CB1 /* ViewModels */ = {
			isa = PBXGroup;
			children = (
				CA493FA32AE11889007C1CB1 /* DownloadingImagesViewModel.swift */,
				CA493FAD2AE149CD007C1CB1 /* ImageLoadingViewModel.swift */,
			);
			path = ViewModels;
			sourceTree = "<group>";
		};
		CA493FA02AE1181B007C1CB1 /* Utilities */ = {
			isa = PBXGroup;
			children = (
				CA493FA72AE11C58007C1CB1 /* DownloadingImagesNetworkManager.swift */,
				CA493FAF2AE1500E007C1CB1 /* CacheDownloadingImage.swift */,
			);
			path = Utilities;
			sourceTree = "<group>";
		};
/* End PBXGroup section */

/* Begin PBXNativeTarget section */
		AC40F1332909396100BC29DF /* SwiftUI_Bootcamp_LBTA */ = {
			isa = PBXNativeTarget;
			buildConfigurationList = AC40F1422909396200BC29DF /* Build configuration list for PBXNativeTarget "SwiftUI_Bootcamp_LBTA" */;
			buildPhases = (
				AC40F1302909396100BC29DF /* Sources */,
				AC40F1312909396100BC29DF /* Frameworks */,
				AC40F1322909396100BC29DF /* Resources */,
			);
			buildRules = (
			);
			dependencies = (
			);
			name = SwiftUI_Bootcamp_LBTA;
			packageProductDependencies = (
				CA1D3B7A2AEA8D5400B3E442 /* Algorithms */,
			);
			productName = SwiftUI_Bootcamp_LBTA;
			productReference = AC40F1342909396100BC29DF /* SwiftUI_Bootcamp_LBTA.app */;
			productType = "com.apple.product-type.application";
		};
/* End PBXNativeTarget section */

/* Begin PBXProject section */
		AC40F12C2909396100BC29DF /* Project object */ = {
			isa = PBXProject;
			attributes = {
				BuildIndependentTargetsInParallel = 1;
				LastSwiftUpdateCheck = 1340;
				LastUpgradeCheck = 1500;
				TargetAttributes = {
					AC40F1332909396100BC29DF = {
						CreatedOnToolsVersion = 13.4.1;
					};
				};
			};
			buildConfigurationList = AC40F12F2909396100BC29DF /* Build configuration list for PBXProject "SwiftUI_Bootcamp_LBTA" */;
			compatibilityVersion = "Xcode 13.0";
			developmentRegion = en;
			hasScannedForEncodings = 0;
			knownRegions = (
				en,
				Base,
			);
			mainGroup = AC40F12B2909396100BC29DF;
			packageReferences = (
				CA1D3B792AEA8D5400B3E442 /* XCRemoteSwiftPackageReference "swift-algorithms" */,
			);
			productRefGroup = AC40F1352909396100BC29DF /* Products */;
			projectDirPath = "";
			projectRoot = "";
			targets = (
				AC40F1332909396100BC29DF /* SwiftUI_Bootcamp_LBTA */,
			);
		};
/* End PBXProject section */

/* Begin PBXResourcesBuildPhase section */
		AC40F1322909396100BC29DF /* Resources */ = {
			isa = PBXResourcesBuildPhase;
			buildActionMask = 2147483647;
			files = (
				AC549D49290BE3DA00B34EB7 /* Birds-chirping-sound-effect.mp3 in Resources */,
				AC40F13F2909396200BC29DF /* Preview Assets.xcassets in Resources */,
				AC549D47290BE3D300B34EB7 /* Duck-quack.mp3 in Resources */,
				AC1761CC292385AB006E6700 /* Fonts in Resources */,
				AC549D44290BE0E400B34EB7 /* com.apple.audio.DeviceSettings.plist~orig in Resources */,
				AC40F13C2909396200BC29DF /* Assets.xcassets in Resources */,
			);
			runOnlyForDeploymentPostprocessing = 0;
		};
/* End PBXResourcesBuildPhase section */

/* Begin PBXSourcesBuildPhase section */
		AC40F1302909396100BC29DF /* Sources */ = {
			isa = PBXSourcesBuildPhase;
			buildActionMask = 2147483647;
			files = (
				CACCFE0B2AEFC90A00BE123E /* SearchableBootcamp.swift in Sources */,
				AC1761D129238651006E6700 /* RoundedCorner.swift in Sources */,
				CA493FB02AE1500E007C1CB1 /* CacheDownloadingImage.swift in Sources */,
				AC5D7D7C291D429F009C02F6 /* HashableBootcamp.swift in Sources */,
				AC5F4CC8290A858000A84A2E /* DragGestureBootcamp2.swift in Sources */,
				CA68A9A62AF38B46009A52F9 /* CustomShapeBootcamp.swift in Sources */,
				CA985D0D2AE803C100CFC206 /* DownloadImageUseAsyncAwaitBootcamp.swift in Sources */,
				AC4991CB29475F080070BC82 /* DownloadJSONWithCombine.swift in Sources */,
				CA4342252ADEC25600E5A4D0 /* TimerBootcamp.swift in Sources */,
				CA57D2E02AF90E95009DA7D3 /* CustomTabBarView.swift in Sources */,
				AC48BE03293A3547009A2C75 /* BackgroundTraeadBootcamp.swift in Sources */,
				CA493FAE2AE149CD007C1CB1 /* ImageLoadingViewModel.swift in Sources */,
				CA96D1C82AFA59E000D18ADF /* ProtocolBootcamp.swift in Sources */,
				CA985D0B2AE7E46300CFC206 /* DoCatchTryBootcamp.swift in Sources */,
				CA5709892AF3D69100897798 /* GenericBootcamp.swift in Sources */,
				CA1D3B782AEA7D1700B3E442 /* DragAndDropGestureBootcamp.swift in Sources */,
				CABF85AA2AF269020035D04C /* MatchedGeometryEffectBootcamp.swift in Sources */,
				CABF85A42AF245680035D04C /* ViewModifierBootcamp.swift in Sources */,
				AC1761CE292385AB006E6700 /* Ext+Image.swift in Sources */,
				AC48BDFE293A22B5009A2C75 /* CoreDataBootcamp.swift in Sources */,
				AC549D40290BCE1C00B34EB7 /* MaskBootcamp.swift in Sources */,
				CA5B039C2AFB860D00E67E62 /* DependencyInjectionBootcamp.swift in Sources */,
				CA493FAC2AE14958007C1CB1 /* DownloadingImageView.swift in Sources */,
				CA1D3B762AEA485F00B3E442 /* GlobalActorsBootcamp.swift in Sources */,
				AC3A6FFE290A64A90094C0F0 /* DragGestureBootcamp.swift in Sources */,
				CACCFE092AEFA3F300BE123E /* RefreshableBootcamp.swift in Sources */,
				CA72A8502AF4DBA700E45517 /* PreferenceKeyBootcamp.swift in Sources */,
				CABF85A82AF24F530035D04C /* AnyTransitionBootcamp.swift in Sources */,
				AC40F14629093BD000BC29DF /* LongPressGustureBootcamp.swift in Sources */,
				CA40CEF62ADD638500706735 /* DownloadWithEscapingBootcamp.swift in Sources */,
				CA72A84E2AF4D5B600E45517 /* ViewBuilderBootcamp.swift in Sources */,
				AC4991C929474D430070BC82 /* CodableBootcamp.swift in Sources */,
				AC1761BF2923831F006E6700 /* SelectedServerBootcamp.swift in Sources */,
				AC5F4CCA290A9D6700A84A2E /* ScrollViewReaderBootcamp.swift in Sources */,
				AC588B5429227591003BF46E /* ArraysBootcamp.swift in Sources */,
				AC549D3E290BA99500B34EB7 /* MultipleSheetsBootcamp.swift in Sources */,
				AC3DD8C929389BC700E4927B /* CustomTextFieldView.swift in Sources */,
				AC3DD8C629389B3900E4927B /* LoginView.swift in Sources */,
				CA96D1C62AFA462A00D18ADF /* UIViewControllerRepresentableBootcamp.swift in Sources */,
				AC48BE01293A2451009A2C75 /* FruitsContainer.xcdatamodeld in Sources */,
				AC1761CB292385AB006E6700 /* Ext+View.swift in Sources */,
				CA79460F2AF0EDB500822101 /* PhotoPickerBootcamp.swift in Sources */,
				AC40F1482909561D00BC29DF /* MagnificationGestureBootcamp.swift in Sources */,
				AC549D42290BE01A00B34EB7 /* SoundBootcamp.swift in Sources */,
				CA68A9A82AF39E91009A52F9 /* CustomCurvesBootcamp.swift in Sources */,
				CA493FAA2AE14457007C1CB1 /* DownloadingImageRow.swift in Sources */,
				CA64C4312AE92D4B00A36F27 /* TaskGroupBootcamp.swift in Sources */,
				CA493FA82AE11C58007C1CB1 /* DownloadingImagesNetworkManager.swift in Sources */,
				CA493FA62AE1193B007C1CB1 /* ImageResponse.swift in Sources */,
				AC1761C8292385AB006E6700 /* NotificationToken.swift in Sources */,
				CA57D2E22AF9351B009DA7D3 /* CustomNavigationBarView.swift in Sources */,
				AC1761C9292385AB006E6700 /* UserDefaults.swift in Sources */,
				AC5F4CCC290AC7AC00A84A2E /* GeometryReaderBootcamp.swift in Sources */,
				AC1761CA292385AB006E6700 /* Constants.swift in Sources */,
				ACE02D1929154C0E002840CF /* HapticsBootcamp.swift in Sources */,
				CA47105E2AE91A3100919BB3 /* TaskBootcamp.swift in Sources */,
				CA69C7452ADFB81F0004FE95 /* SubscriberBootcamp.swift in Sources */,
				ACE02D1B29154F37002840CF /* LocalPushNotificationsBootcamp.swift in Sources */,
				CABF85A62AF249640035D04C /* ButtonStyleBootcamp.swift in Sources */,
				CA493F9B2AE10674007C1CB1 /* CatchImageBootcamp.swift in Sources */,
				CA493FA22AE1183E007C1CB1 /* DownloadingImagesBootcamp.swift in Sources */,
				CA9D251D2ADFEBDD0067AE5E /* FileManagerBootcamp.swift in Sources */,
				AC40F1382909396100BC29DF /* SwiftUI_Bootcamp_LBTAApp.swift in Sources */,
				CA493FA42AE11889007C1CB1 /* DownloadingImagesViewModel.swift in Sources */,
				CA96D1C42AFA2E8600D18ADF /* UIViewRepresentableBootcamp.swift in Sources */,
				AC3A6FFC290A61030094C0F0 /* RotationGestureBootcamp.swift in Sources */,
			);
			runOnlyForDeploymentPostprocessing = 0;
		};
/* End PBXSourcesBuildPhase section */

/* Begin XCBuildConfiguration section */
		AC40F1402909396200BC29DF /* Debug */ = {
			isa = XCBuildConfiguration;
			buildSettings = {
				ALWAYS_SEARCH_USER_PATHS = NO;
				ASSETCATALOG_COMPILER_GENERATE_SWIFT_ASSET_SYMBOL_EXTENSIONS = YES;
				CLANG_ANALYZER_NONNULL = YES;
				CLANG_ANALYZER_NUMBER_OBJECT_CONVERSION = YES_AGGRESSIVE;
				CLANG_CXX_LANGUAGE_STANDARD = "gnu++17";
				CLANG_ENABLE_MODULES = YES;
				CLANG_ENABLE_OBJC_ARC = YES;
				CLANG_ENABLE_OBJC_WEAK = YES;
				CLANG_WARN_BLOCK_CAPTURE_AUTORELEASING = YES;
				CLANG_WARN_BOOL_CONVERSION = YES;
				CLANG_WARN_COMMA = YES;
				CLANG_WARN_CONSTANT_CONVERSION = YES;
				CLANG_WARN_DEPRECATED_OBJC_IMPLEMENTATIONS = YES;
				CLANG_WARN_DIRECT_OBJC_ISA_USAGE = YES_ERROR;
				CLANG_WARN_DOCUMENTATION_COMMENTS = YES;
				CLANG_WARN_EMPTY_BODY = YES;
				CLANG_WARN_ENUM_CONVERSION = YES;
				CLANG_WARN_INFINITE_RECURSION = YES;
				CLANG_WARN_INT_CONVERSION = YES;
				CLANG_WARN_NON_LITERAL_NULL_CONVERSION = YES;
				CLANG_WARN_OBJC_IMPLICIT_RETAIN_SELF = YES;
				CLANG_WARN_OBJC_LITERAL_CONVERSION = YES;
				CLANG_WARN_OBJC_ROOT_CLASS = YES_ERROR;
				CLANG_WARN_QUOTED_INCLUDE_IN_FRAMEWORK_HEADER = YES;
				CLANG_WARN_RANGE_LOOP_ANALYSIS = YES;
				CLANG_WARN_STRICT_PROTOTYPES = YES;
				CLANG_WARN_SUSPICIOUS_MOVE = YES;
				CLANG_WARN_UNGUARDED_AVAILABILITY = YES_AGGRESSIVE;
				CLANG_WARN_UNREACHABLE_CODE = YES;
				CLANG_WARN__DUPLICATE_METHOD_MATCH = YES;
				COPY_PHASE_STRIP = NO;
				DEBUG_INFORMATION_FORMAT = dwarf;
				ENABLE_STRICT_OBJC_MSGSEND = YES;
				ENABLE_TESTABILITY = YES;
				ENABLE_USER_SCRIPT_SANDBOXING = YES;
				GCC_C_LANGUAGE_STANDARD = gnu11;
				GCC_DYNAMIC_NO_PIC = NO;
				GCC_NO_COMMON_BLOCKS = YES;
				GCC_OPTIMIZATION_LEVEL = 0;
				GCC_PREPROCESSOR_DEFINITIONS = (
					"DEBUG=1",
					"$(inherited)",
				);
				GCC_WARN_64_TO_32_BIT_CONVERSION = YES;
				GCC_WARN_ABOUT_RETURN_TYPE = YES_ERROR;
				GCC_WARN_UNDECLARED_SELECTOR = YES;
				GCC_WARN_UNINITIALIZED_AUTOS = YES_AGGRESSIVE;
				GCC_WARN_UNUSED_FUNCTION = YES;
				GCC_WARN_UNUSED_VARIABLE = YES;
				IPHONEOS_DEPLOYMENT_TARGET = 16.4;
				MTL_ENABLE_DEBUG_INFO = INCLUDE_SOURCE;
				MTL_FAST_MATH = YES;
				ONLY_ACTIVE_ARCH = YES;
				SDKROOT = iphoneos;
				SWIFT_ACTIVE_COMPILATION_CONDITIONS = DEBUG;
				SWIFT_OPTIMIZATION_LEVEL = "-Onone";
			};
			name = Debug;
		};
		AC40F1412909396200BC29DF /* Release */ = {
			isa = XCBuildConfiguration;
			buildSettings = {
				ALWAYS_SEARCH_USER_PATHS = NO;
				ASSETCATALOG_COMPILER_GENERATE_SWIFT_ASSET_SYMBOL_EXTENSIONS = YES;
				CLANG_ANALYZER_NONNULL = YES;
				CLANG_ANALYZER_NUMBER_OBJECT_CONVERSION = YES_AGGRESSIVE;
				CLANG_CXX_LANGUAGE_STANDARD = "gnu++17";
				CLANG_ENABLE_MODULES = YES;
				CLANG_ENABLE_OBJC_ARC = YES;
				CLANG_ENABLE_OBJC_WEAK = YES;
				CLANG_WARN_BLOCK_CAPTURE_AUTORELEASING = YES;
				CLANG_WARN_BOOL_CONVERSION = YES;
				CLANG_WARN_COMMA = YES;
				CLANG_WARN_CONSTANT_CONVERSION = YES;
				CLANG_WARN_DEPRECATED_OBJC_IMPLEMENTATIONS = YES;
				CLANG_WARN_DIRECT_OBJC_ISA_USAGE = YES_ERROR;
				CLANG_WARN_DOCUMENTATION_COMMENTS = YES;
				CLANG_WARN_EMPTY_BODY = YES;
				CLANG_WARN_ENUM_CONVERSION = YES;
				CLANG_WARN_INFINITE_RECURSION = YES;
				CLANG_WARN_INT_CONVERSION = YES;
				CLANG_WARN_NON_LITERAL_NULL_CONVERSION = YES;
				CLANG_WARN_OBJC_IMPLICIT_RETAIN_SELF = YES;
				CLANG_WARN_OBJC_LITERAL_CONVERSION = YES;
				CLANG_WARN_OBJC_ROOT_CLASS = YES_ERROR;
				CLANG_WARN_QUOTED_INCLUDE_IN_FRAMEWORK_HEADER = YES;
				CLANG_WARN_RANGE_LOOP_ANALYSIS = YES;
				CLANG_WARN_STRICT_PROTOTYPES = YES;
				CLANG_WARN_SUSPICIOUS_MOVE = YES;
				CLANG_WARN_UNGUARDED_AVAILABILITY = YES_AGGRESSIVE;
				CLANG_WARN_UNREACHABLE_CODE = YES;
				CLANG_WARN__DUPLICATE_METHOD_MATCH = YES;
				COPY_PHASE_STRIP = NO;
				DEBUG_INFORMATION_FORMAT = "dwarf-with-dsym";
				ENABLE_NS_ASSERTIONS = NO;
				ENABLE_STRICT_OBJC_MSGSEND = YES;
				ENABLE_USER_SCRIPT_SANDBOXING = YES;
				GCC_C_LANGUAGE_STANDARD = gnu11;
				GCC_NO_COMMON_BLOCKS = YES;
				GCC_WARN_64_TO_32_BIT_CONVERSION = YES;
				GCC_WARN_ABOUT_RETURN_TYPE = YES_ERROR;
				GCC_WARN_UNDECLARED_SELECTOR = YES;
				GCC_WARN_UNINITIALIZED_AUTOS = YES_AGGRESSIVE;
				GCC_WARN_UNUSED_FUNCTION = YES;
				GCC_WARN_UNUSED_VARIABLE = YES;
				IPHONEOS_DEPLOYMENT_TARGET = 16.4;
				MTL_ENABLE_DEBUG_INFO = NO;
				MTL_FAST_MATH = YES;
				SDKROOT = iphoneos;
				SWIFT_COMPILATION_MODE = wholemodule;
				SWIFT_OPTIMIZATION_LEVEL = "-O";
				VALIDATE_PRODUCT = YES;
			};
			name = Release;
		};
		AC40F1432909396200BC29DF /* Debug */ = {
			isa = XCBuildConfiguration;
			buildSettings = {
				ASSETCATALOG_COMPILER_APPICON_NAME = AppIcon;
				ASSETCATALOG_COMPILER_GLOBAL_ACCENT_COLOR_NAME = AccentColor;
				CODE_SIGN_STYLE = Automatic;
				CURRENT_PROJECT_VERSION = 1;
				DEVELOPMENT_ASSET_PATHS = "\"SwiftUI_Bootcamp_LBTA/Preview Content\"";
				DEVELOPMENT_TEAM = R4XB56HC9M;
				ENABLE_PREVIEWS = YES;
				GENERATE_INFOPLIST_FILE = YES;
				INFOPLIST_FILE = "SwiftUI-Bootcamp-LBTA-Info.plist";
				INFOPLIST_KEY_UIApplicationSceneManifest_Generation = YES;
				INFOPLIST_KEY_UIApplicationSupportsIndirectInputEvents = YES;
				INFOPLIST_KEY_UILaunchScreen_Generation = YES;
				INFOPLIST_KEY_UISupportedInterfaceOrientations_iPad = "UIInterfaceOrientationPortrait UIInterfaceOrientationPortraitUpsideDown UIInterfaceOrientationLandscapeLeft UIInterfaceOrientationLandscapeRight";
				INFOPLIST_KEY_UISupportedInterfaceOrientations_iPhone = "UIInterfaceOrientationPortrait UIInterfaceOrientationLandscapeLeft UIInterfaceOrientationLandscapeRight";
				IPHONEOS_DEPLOYMENT_TARGET = 16.4;
				LD_RUNPATH_SEARCH_PATHS = (
					"$(inherited)",
					"@executable_path/Frameworks",
				);
				MARKETING_VERSION = 1.0;
				PRODUCT_BUNDLE_IDENTIFIER = "iMaxiOS.SwiftUI-Bootcamp-LBTA";
				PRODUCT_NAME = "$(TARGET_NAME)";
				SWIFT_EMIT_LOC_STRINGS = YES;
				SWIFT_VERSION = 5.0;
				TARGETED_DEVICE_FAMILY = "1,2";
			};
			name = Debug;
		};
		AC40F1442909396200BC29DF /* Release */ = {
			isa = XCBuildConfiguration;
			buildSettings = {
				ASSETCATALOG_COMPILER_APPICON_NAME = AppIcon;
				ASSETCATALOG_COMPILER_GLOBAL_ACCENT_COLOR_NAME = AccentColor;
				CODE_SIGN_STYLE = Automatic;
				CURRENT_PROJECT_VERSION = 1;
				DEVELOPMENT_ASSET_PATHS = "\"SwiftUI_Bootcamp_LBTA/Preview Content\"";
				DEVELOPMENT_TEAM = R4XB56HC9M;
				ENABLE_PREVIEWS = YES;
				GENERATE_INFOPLIST_FILE = YES;
				INFOPLIST_FILE = "SwiftUI-Bootcamp-LBTA-Info.plist";
				INFOPLIST_KEY_UIApplicationSceneManifest_Generation = YES;
				INFOPLIST_KEY_UIApplicationSupportsIndirectInputEvents = YES;
				INFOPLIST_KEY_UILaunchScreen_Generation = YES;
				INFOPLIST_KEY_UISupportedInterfaceOrientations_iPad = "UIInterfaceOrientationPortrait UIInterfaceOrientationPortraitUpsideDown UIInterfaceOrientationLandscapeLeft UIInterfaceOrientationLandscapeRight";
				INFOPLIST_KEY_UISupportedInterfaceOrientations_iPhone = "UIInterfaceOrientationPortrait UIInterfaceOrientationLandscapeLeft UIInterfaceOrientationLandscapeRight";
				IPHONEOS_DEPLOYMENT_TARGET = 16.4;
				LD_RUNPATH_SEARCH_PATHS = (
					"$(inherited)",
					"@executable_path/Frameworks",
				);
				MARKETING_VERSION = 1.0;
				PRODUCT_BUNDLE_IDENTIFIER = "iMaxiOS.SwiftUI-Bootcamp-LBTA";
				PRODUCT_NAME = "$(TARGET_NAME)";
				SWIFT_EMIT_LOC_STRINGS = YES;
				SWIFT_VERSION = 5.0;
				TARGETED_DEVICE_FAMILY = "1,2";
			};
			name = Release;
		};
/* End XCBuildConfiguration section */

/* Begin XCConfigurationList section */
		AC40F12F2909396100BC29DF /* Build configuration list for PBXProject "SwiftUI_Bootcamp_LBTA" */ = {
			isa = XCConfigurationList;
			buildConfigurations = (
				AC40F1402909396200BC29DF /* Debug */,
				AC40F1412909396200BC29DF /* Release */,
			);
			defaultConfigurationIsVisible = 0;
			defaultConfigurationName = Release;
		};
		AC40F1422909396200BC29DF /* Build configuration list for PBXNativeTarget "SwiftUI_Bootcamp_LBTA" */ = {
			isa = XCConfigurationList;
			buildConfigurations = (
				AC40F1432909396200BC29DF /* Debug */,
				AC40F1442909396200BC29DF /* Release */,
			);
			defaultConfigurationIsVisible = 0;
			defaultConfigurationName = Release;
		};
/* End XCConfigurationList section */

/* Begin XCRemoteSwiftPackageReference section */
		CA1D3B792AEA8D5400B3E442 /* XCRemoteSwiftPackageReference "swift-algorithms" */ = {
			isa = XCRemoteSwiftPackageReference;
			repositoryURL = "https://github.com/apple/swift-algorithms.git";
			requirement = {
				kind = upToNextMajorVersion;
				minimumVersion = 1.1.0;
			};
		};
/* End XCRemoteSwiftPackageReference section */

/* Begin XCSwiftPackageProductDependency section */
		CA1D3B7A2AEA8D5400B3E442 /* Algorithms */ = {
			isa = XCSwiftPackageProductDependency;
			package = CA1D3B792AEA8D5400B3E442 /* XCRemoteSwiftPackageReference "swift-algorithms" */;
			productName = Algorithms;
		};
/* End XCSwiftPackageProductDependency section */

/* Begin XCVersionGroup section */
		AC48BDFF293A2451009A2C75 /* FruitsContainer.xcdatamodeld */ = {
			isa = XCVersionGroup;
			children = (
				AC48BE00293A2451009A2C75 /* FruitsContainer.xcdatamodel */,
			);
			currentVersion = AC48BE00293A2451009A2C75 /* FruitsContainer.xcdatamodel */;
			path = FruitsContainer.xcdatamodeld;
			sourceTree = "<group>";
			versionGroupType = wrapper.xcdatamodel;
		};
/* End XCVersionGroup section */
	};
	rootObject = AC40F12C2909396100BC29DF /* Project object */;
}
